// !$*UTF8*$!
{
	archiveVersion = 1;
	classes = {
	};
	objectVersion = 46;
	objects = {

/* Begin PBXBuildFile section */
		6D5EF7CE1D06CD3F00520CD9 /* LoginViewController.swift in Sources */ = {isa = PBXBuildFile; fileRef = 6D5EF7CB1D06CD3F00520CD9 /* LoginViewController.swift */; };
		6D5EF7CF1D06CD3F00520CD9 /* SignupViewController.swift in Sources */ = {isa = PBXBuildFile; fileRef = 6D5EF7CC1D06CD3F00520CD9 /* SignupViewController.swift */; };
		6D5EF7D01D06CD3F00520CD9 /* DatabaseManager.swift in Sources */ = {isa = PBXBuildFile; fileRef = 6D5EF7CD1D06CD3F00520CD9 /* DatabaseManager.swift */; };
		6D611EB41CEB466500F99494 /* ActivityLog.swift in Sources */ = {isa = PBXBuildFile; fileRef = 6D611EB31CEB466500F99494 /* ActivityLog.swift */; };
		6D611EB61CEB4AF100F99494 /* ActivityLogViewController.swift in Sources */ = {isa = PBXBuildFile; fileRef = 6D611EB51CEB4AF100F99494 /* ActivityLogViewController.swift */; };
		6D8CEC871D06D0D8005F9235 /* GoogleService-Info.plist in Resources */ = {isa = PBXBuildFile; fileRef = 6D8CEC861D06D0D8005F9235 /* GoogleService-Info.plist */; };
		AA130BFB1CE6D6BD003D0E6A /* MapViewController.swift in Sources */ = {isa = PBXBuildFile; fileRef = AA130BFA1CE6D6BD003D0E6A /* MapViewController.swift */; };
		AA22DB551CE3613800F8BA43 /* AppDelegate.swift in Sources */ = {isa = PBXBuildFile; fileRef = AA22DB541CE3613800F8BA43 /* AppDelegate.swift */; };
		AA22DB571CE3613800F8BA43 /* ViewController.swift in Sources */ = {isa = PBXBuildFile; fileRef = AA22DB561CE3613800F8BA43 /* ViewController.swift */; };
		AA22DB5A1CE3613900F8BA43 /* Main.storyboard in Resources */ = {isa = PBXBuildFile; fileRef = AA22DB581CE3613900F8BA43 /* Main.storyboard */; };
		AA22DB5C1CE3613900F8BA43 /* Assets.xcassets in Resources */ = {isa = PBXBuildFile; fileRef = AA22DB5B1CE3613900F8BA43 /* Assets.xcassets */; };
		AA22DB5F1CE3613900F8BA43 /* LaunchScreen.storyboard in Resources */ = {isa = PBXBuildFile; fileRef = AA22DB5D1CE3613900F8BA43 /* LaunchScreen.storyboard */; };
		AA7D197E1CF33B3F001F4618 /* TestViewController.swift in Sources */ = {isa = PBXBuildFile; fileRef = AA7D197D1CF33B3F001F4618 /* TestViewController.swift */; };
		AAC7AA011CFF137F00D7FBD0 /* LocationModel.swift in Sources */ = {isa = PBXBuildFile; fileRef = AAC7AA001CFF137F00D7FBD0 /* LocationModel.swift */; };
		AADEFED11CF483B500CB2E85 /* JoinBattleViewController.swift in Sources */ = {isa = PBXBuildFile; fileRef = AADEFED01CF483B500CB2E85 /* JoinBattleViewController.swift */; };
		AADEFED31CF4862800CB2E85 /* BattleViewController.swift in Sources */ = {isa = PBXBuildFile; fileRef = AADEFED21CF4862800CB2E85 /* BattleViewController.swift */; };
		AAE017D21CFA9ADB00F74A50 /* Location.swift in Sources */ = {isa = PBXBuildFile; fileRef = AAE017D11CFA9ADB00F74A50 /* Location.swift */; };
		D4A07F8CD0E5ECB803F63164 /* Pods_GISProject.framework in Frameworks */ = {isa = PBXBuildFile; fileRef = 8AC7601BB8BA3643D05F7E8C /* Pods_GISProject.framework */; };
/* End PBXBuildFile section */

/* Begin PBXFileReference section */
		027CAAD9DE2DC497261DB2FE /* Pods-GISProject.release.xcconfig */ = {isa = PBXFileReference; includeInIndex = 1; lastKnownFileType = text.xcconfig; name = "Pods-GISProject.release.xcconfig"; path = "Pods/Target Support Files/Pods-GISProject/Pods-GISProject.release.xcconfig"; sourceTree = "<group>"; };
		0B061A809F4C2DBC68A79C9D /* Pods-GISProject.debug.xcconfig */ = {isa = PBXFileReference; includeInIndex = 1; lastKnownFileType = text.xcconfig; name = "Pods-GISProject.debug.xcconfig"; path = "Pods/Target Support Files/Pods-GISProject/Pods-GISProject.debug.xcconfig"; sourceTree = "<group>"; };
		6D5EF7CB1D06CD3F00520CD9 /* LoginViewController.swift */ = {isa = PBXFileReference; fileEncoding = 4; lastKnownFileType = sourcecode.swift; path = LoginViewController.swift; sourceTree = "<group>"; };
		6D5EF7CC1D06CD3F00520CD9 /* SignupViewController.swift */ = {isa = PBXFileReference; fileEncoding = 4; lastKnownFileType = sourcecode.swift; path = SignupViewController.swift; sourceTree = "<group>"; };
		6D5EF7CD1D06CD3F00520CD9 /* DatabaseManager.swift */ = {isa = PBXFileReference; fileEncoding = 4; lastKnownFileType = sourcecode.swift; path = DatabaseManager.swift; sourceTree = "<group>"; };
		6D611EB31CEB466500F99494 /* ActivityLog.swift */ = {isa = PBXFileReference; fileEncoding = 4; lastKnownFileType = sourcecode.swift; path = ActivityLog.swift; sourceTree = "<group>"; };
		6D611EB51CEB4AF100F99494 /* ActivityLogViewController.swift */ = {isa = PBXFileReference; fileEncoding = 4; lastKnownFileType = sourcecode.swift; path = ActivityLogViewController.swift; sourceTree = "<group>"; };
		6D8CEC861D06D0D8005F9235 /* GoogleService-Info.plist */ = {isa = PBXFileReference; lastKnownFileType = text.plist.xml; name = "GoogleService-Info.plist"; path = "../GoogleService-Info.plist"; sourceTree = "<group>"; };
		8AC7601BB8BA3643D05F7E8C /* Pods_GISProject.framework */ = {isa = PBXFileReference; explicitFileType = wrapper.framework; includeInIndex = 0; path = Pods_GISProject.framework; sourceTree = BUILT_PRODUCTS_DIR; };
		AA130BFA1CE6D6BD003D0E6A /* MapViewController.swift */ = {isa = PBXFileReference; fileEncoding = 4; lastKnownFileType = sourcecode.swift; path = MapViewController.swift; sourceTree = "<group>"; };
		AA22DB511CE3613700F8BA43 /* GISProject.app */ = {isa = PBXFileReference; explicitFileType = wrapper.application; includeInIndex = 0; path = GISProject.app; sourceTree = BUILT_PRODUCTS_DIR; };
		AA22DB541CE3613800F8BA43 /* AppDelegate.swift */ = {isa = PBXFileReference; lastKnownFileType = sourcecode.swift; path = AppDelegate.swift; sourceTree = "<group>"; };
		AA22DB561CE3613800F8BA43 /* ViewController.swift */ = {isa = PBXFileReference; lastKnownFileType = sourcecode.swift; path = ViewController.swift; sourceTree = "<group>"; };
		AA22DB591CE3613900F8BA43 /* Base */ = {isa = PBXFileReference; lastKnownFileType = file.storyboard; name = Base; path = Base.lproj/Main.storyboard; sourceTree = "<group>"; };
		AA22DB5B1CE3613900F8BA43 /* Assets.xcassets */ = {isa = PBXFileReference; lastKnownFileType = folder.assetcatalog; path = Assets.xcassets; sourceTree = "<group>"; };
		AA22DB5E1CE3613900F8BA43 /* Base */ = {isa = PBXFileReference; lastKnownFileType = file.storyboard; name = Base; path = Base.lproj/LaunchScreen.storyboard; sourceTree = "<group>"; };
		AA22DB601CE3613900F8BA43 /* Info.plist */ = {isa = PBXFileReference; lastKnownFileType = text.plist.xml; path = Info.plist; sourceTree = "<group>"; };
		AA7D197D1CF33B3F001F4618 /* TestViewController.swift */ = {isa = PBXFileReference; fileEncoding = 4; lastKnownFileType = sourcecode.swift; path = TestViewController.swift; sourceTree = "<group>"; };
		AA83D5811CF30B3E00D52F7C /* GoogleService-Info.plist */ = {isa = PBXFileReference; fileEncoding = 4; lastKnownFileType = text.plist.xml; path = "GoogleService-Info.plist"; sourceTree = "<group>"; };
		AAC7AA001CFF137F00D7FBD0 /* LocationModel.swift */ = {isa = PBXFileReference; fileEncoding = 4; lastKnownFileType = sourcecode.swift; path = LocationModel.swift; sourceTree = "<group>"; };
		AADEFED01CF483B500CB2E85 /* JoinBattleViewController.swift */ = {isa = PBXFileReference; fileEncoding = 4; lastKnownFileType = sourcecode.swift; path = JoinBattleViewController.swift; sourceTree = "<group>"; };
		AADEFED21CF4862800CB2E85 /* BattleViewController.swift */ = {isa = PBXFileReference; fileEncoding = 4; lastKnownFileType = sourcecode.swift; path = BattleViewController.swift; sourceTree = "<group>"; };
		AAE017D11CFA9ADB00F74A50 /* Location.swift */ = {isa = PBXFileReference; fileEncoding = 4; lastKnownFileType = sourcecode.swift; path = Location.swift; sourceTree = "<group>"; };
/* End PBXFileReference section */

/* Begin PBXFrameworksBuildPhase section */
		AA22DB4E1CE3613700F8BA43 /* Frameworks */ = {
			isa = PBXFrameworksBuildPhase;
			buildActionMask = 2147483647;
			files = (
				D4A07F8CD0E5ECB803F63164 /* Pods_GISProject.framework in Frameworks */,
			);
			runOnlyForDeploymentPostprocessing = 0;
		};
/* End PBXFrameworksBuildPhase section */

/* Begin PBXGroup section */
		6B6DD61972A537B4D2EB59FF /* Frameworks */ = {
			isa = PBXGroup;
			children = (
				8AC7601BB8BA3643D05F7E8C /* Pods_GISProject.framework */,
			);
			name = Frameworks;
			sourceTree = "<group>";
		};
		AA22DB481CE3613600F8BA43 = {
			isa = PBXGroup;
			children = (
				AA22DB531CE3613800F8BA43 /* GISProject */,
				AA22DB521CE3613700F8BA43 /* Products */,
				DD14F4F594CA50E6DBBC665C /* Pods */,
				6B6DD61972A537B4D2EB59FF /* Frameworks */,
			);
			sourceTree = "<group>";
		};
		AA22DB521CE3613700F8BA43 /* Products */ = {
			isa = PBXGroup;
			children = (
				AA22DB511CE3613700F8BA43 /* GISProject.app */,
			);
			name = Products;
			sourceTree = "<group>";
		};
		AA22DB531CE3613800F8BA43 /* GISProject */ = {
			isa = PBXGroup;
			children = (
				6D8CEC861D06D0D8005F9235 /* GoogleService-Info.plist */,
				6D5EF7CB1D06CD3F00520CD9 /* LoginViewController.swift */,
				6D5EF7CC1D06CD3F00520CD9 /* SignupViewController.swift */,
				6D5EF7CD1D06CD3F00520CD9 /* DatabaseManager.swift */,
				AA7D197D1CF33B3F001F4618 /* TestViewController.swift */,
				AA83D5811CF30B3E00D52F7C /* GoogleService-Info.plist */,
				AA22DB541CE3613800F8BA43 /* AppDelegate.swift */,
				AA22DB561CE3613800F8BA43 /* ViewController.swift */,
				AA130BFA1CE6D6BD003D0E6A /* MapViewController.swift */,
				AAE017D11CFA9ADB00F74A50 /* Location.swift */,
				AAC7AA001CFF137F00D7FBD0 /* LocationModel.swift */,
				AADEFED01CF483B500CB2E85 /* JoinBattleViewController.swift */,
				AADEFED21CF4862800CB2E85 /* BattleViewController.swift */,
				AA22DB581CE3613900F8BA43 /* Main.storyboard */,
				AA22DB5B1CE3613900F8BA43 /* Assets.xcassets */,
				AA22DB5D1CE3613900F8BA43 /* LaunchScreen.storyboard */,
				AA22DB601CE3613900F8BA43 /* Info.plist */,
				6D611EB31CEB466500F99494 /* ActivityLog.swift */,
				6D611EB51CEB4AF100F99494 /* ActivityLogViewController.swift */,
			);
			path = GISProject;
			sourceTree = "<group>";
		};
		DD14F4F594CA50E6DBBC665C /* Pods */ = {
			isa = PBXGroup;
			children = (
				0B061A809F4C2DBC68A79C9D /* Pods-GISProject.debug.xcconfig */,
				027CAAD9DE2DC497261DB2FE /* Pods-GISProject.release.xcconfig */,
			);
			name = Pods;
			sourceTree = "<group>";
		};
/* End PBXGroup section */

/* Begin PBXNativeTarget section */
		AA22DB501CE3613700F8BA43 /* GISProject */ = {
			isa = PBXNativeTarget;
			buildConfigurationList = AA22DB631CE3613900F8BA43 /* Build configuration list for PBXNativeTarget "GISProject" */;
			buildPhases = (
				E425E6ABC80EF399CE7B013A /* 📦 Check Pods Manifest.lock */,
				AA22DB4D1CE3613700F8BA43 /* Sources */,
				AA22DB4E1CE3613700F8BA43 /* Frameworks */,
				AA22DB4F1CE3613700F8BA43 /* Resources */,
				8EDAA5DE36FBE0AF66966F43 /* 📦 Embed Pods Frameworks */,
				A67C6F66058D5637EA2F85D0 /* 📦 Copy Pods Resources */,
			);
			buildRules = (
			);
			dependencies = (
			);
			name = GISProject;
			productName = GISProject;
			productReference = AA22DB511CE3613700F8BA43 /* GISProject.app */;
			productType = "com.apple.product-type.application";
		};
/* End PBXNativeTarget section */

/* Begin PBXProject section */
		AA22DB491CE3613600F8BA43 /* Project object */ = {
			isa = PBXProject;
			attributes = {
				LastSwiftUpdateCheck = 0730;
				LastUpgradeCheck = 0730;
				ORGANIZATIONNAME = NYP;
				TargetAttributes = {
					AA22DB501CE3613700F8BA43 = {
						CreatedOnToolsVersion = 7.3.1;
						DevelopmentTeam = 5Y8ZVY4N62;
					};
				};
			};
			buildConfigurationList = AA22DB4C1CE3613600F8BA43 /* Build configuration list for PBXProject "GISProject" */;
			compatibilityVersion = "Xcode 3.2";
			developmentRegion = English;
			hasScannedForEncodings = 0;
			knownRegions = (
				en,
				Base,
			);
			mainGroup = AA22DB481CE3613600F8BA43;
			productRefGroup = AA22DB521CE3613700F8BA43 /* Products */;
			projectDirPath = "";
			projectRoot = "";
			targets = (
				AA22DB501CE3613700F8BA43 /* GISProject */,
			);
		};
/* End PBXProject section */

/* Begin PBXResourcesBuildPhase section */
		AA22DB4F1CE3613700F8BA43 /* Resources */ = {
			isa = PBXResourcesBuildPhase;
			buildActionMask = 2147483647;
			files = (
				6D8CEC871D06D0D8005F9235 /* GoogleService-Info.plist in Resources */,
				AA22DB5F1CE3613900F8BA43 /* LaunchScreen.storyboard in Resources */,
				AA22DB5C1CE3613900F8BA43 /* Assets.xcassets in Resources */,
				AA22DB5A1CE3613900F8BA43 /* Main.storyboard in Resources */,
			);
			runOnlyForDeploymentPostprocessing = 0;
		};
/* End PBXResourcesBuildPhase section */

/* Begin PBXShellScriptBuildPhase section */
		8EDAA5DE36FBE0AF66966F43 /* 📦 Embed Pods Frameworks */ = {
			isa = PBXShellScriptBuildPhase;
			buildActionMask = 2147483647;
			files = (
			);
			inputPaths = (
			);
			name = "📦 Embed Pods Frameworks";
			outputPaths = (
			);
			runOnlyForDeploymentPostprocessing = 0;
			shellPath = /bin/sh;
			shellScript = "\"${SRCROOT}/Pods/Target Support Files/Pods-GISProject/Pods-GISProject-frameworks.sh\"\n";
			showEnvVarsInLog = 0;
		};
		A67C6F66058D5637EA2F85D0 /* 📦 Copy Pods Resources */ = {
			isa = PBXShellScriptBuildPhase;
			buildActionMask = 2147483647;
			files = (
			);
			inputPaths = (
			);
			name = "📦 Copy Pods Resources";
			outputPaths = (
			);
			runOnlyForDeploymentPostprocessing = 0;
			shellPath = /bin/sh;
			shellScript = "\"${SRCROOT}/Pods/Target Support Files/Pods-GISProject/Pods-GISProject-resources.sh\"\n";
			showEnvVarsInLog = 0;
		};
		E425E6ABC80EF399CE7B013A /* 📦 Check Pods Manifest.lock */ = {
			isa = PBXShellScriptBuildPhase;
			buildActionMask = 2147483647;
			files = (
			);
			inputPaths = (
			);
			name = "📦 Check Pods Manifest.lock";
			outputPaths = (
			);
			runOnlyForDeploymentPostprocessing = 0;
			shellPath = /bin/sh;
			shellScript = "diff \"${PODS_ROOT}/../Podfile.lock\" \"${PODS_ROOT}/Manifest.lock\" > /dev/null\nif [[ $? != 0 ]] ; then\n    cat << EOM\nerror: The sandbox is not in sync with the Podfile.lock. Run 'pod install' or update your CocoaPods installation.\nEOM\n    exit 1\nfi\n";
			showEnvVarsInLog = 0;
		};
/* End PBXShellScriptBuildPhase section */

/* Begin PBXSourcesBuildPhase section */
		AA22DB4D1CE3613700F8BA43 /* Sources */ = {
			isa = PBXSourcesBuildPhase;
			buildActionMask = 2147483647;
			files = (
				6D611EB61CEB4AF100F99494 /* ActivityLogViewController.swift in Sources */,
				6D611EB41CEB466500F99494 /* ActivityLog.swift in Sources */,
				6D5EF7D01D06CD3F00520CD9 /* DatabaseManager.swift in Sources */,
				AAE017D21CFA9ADB00F74A50 /* Location.swift in Sources */,
				AA22DB571CE3613800F8BA43 /* ViewController.swift in Sources */,
				AADEFED11CF483B500CB2E85 /* JoinBattleViewController.swift in Sources */,
				AA130BFB1CE6D6BD003D0E6A /* MapViewController.swift in Sources */,
				6D5EF7CF1D06CD3F00520CD9 /* SignupViewController.swift in Sources */,
				AADEFED31CF4862800CB2E85 /* BattleViewController.swift in Sources */,
				AA22DB551CE3613800F8BA43 /* AppDelegate.swift in Sources */,
				AAC7AA011CFF137F00D7FBD0 /* LocationModel.swift in Sources */,
				AA7D197E1CF33B3F001F4618 /* TestViewController.swift in Sources */,
				6D5EF7CE1D06CD3F00520CD9 /* LoginViewController.swift in Sources */,
			);
			runOnlyForDeploymentPostprocessing = 0;
		};
/* End PBXSourcesBuildPhase section */

/* Begin PBXVariantGroup section */
		AA22DB581CE3613900F8BA43 /* Main.storyboard */ = {
			isa = PBXVariantGroup;
			children = (
				AA22DB591CE3613900F8BA43 /* Base */,
			);
			name = Main.storyboard;
			sourceTree = "<group>";
		};
		AA22DB5D1CE3613900F8BA43 /* LaunchScreen.storyboard */ = {
			isa = PBXVariantGroup;
			children = (
				AA22DB5E1CE3613900F8BA43 /* Base */,
			);
			name = LaunchScreen.storyboard;
			sourceTree = "<group>";
		};
/* End PBXVariantGroup section */

/* Begin XCBuildConfiguration section */
		AA22DB611CE3613900F8BA43 /* Debug */ = {
			isa = XCBuildConfiguration;
			buildSettings = {
				ALWAYS_SEARCH_USER_PATHS = NO;
				CLANG_ANALYZER_NONNULL = YES;
				CLANG_CXX_LANGUAGE_STANDARD = "gnu++0x";
				CLANG_CXX_LIBRARY = "libc++";
				CLANG_ENABLE_MODULES = YES;
				CLANG_ENABLE_OBJC_ARC = YES;
				CLANG_WARN_BOOL_CONVERSION = YES;
				CLANG_WARN_CONSTANT_CONVERSION = YES;
				CLANG_WARN_DIRECT_OBJC_ISA_USAGE = YES_ERROR;
				CLANG_WARN_EMPTY_BODY = YES;
				CLANG_WARN_ENUM_CONVERSION = YES;
				CLANG_WARN_INT_CONVERSION = YES;
				CLANG_WARN_OBJC_ROOT_CLASS = YES_ERROR;
				CLANG_WARN_UNREACHABLE_CODE = YES;
				CLANG_WARN__DUPLICATE_METHOD_MATCH = YES;
				"CODE_SIGN_IDENTITY[sdk=iphoneos*]" = "iPhone Developer";
				COPY_PHASE_STRIP = NO;
				DEBUG_INFORMATION_FORMAT = dwarf;
				ENABLE_STRICT_OBJC_MSGSEND = YES;
				ENABLE_TESTABILITY = YES;
				GCC_C_LANGUAGE_STANDARD = gnu99;
				GCC_DYNAMIC_NO_PIC = NO;
				GCC_NO_COMMON_BLOCKS = YES;
				GCC_OPTIMIZATION_LEVEL = 0;
				GCC_PREPROCESSOR_DEFINITIONS = (
					"DEBUG=1",
					"$(inherited)",
				);
				GCC_WARN_64_TO_32_BIT_CONVERSION = YES;
				GCC_WARN_ABOUT_RETURN_TYPE = YES_ERROR;
				GCC_WARN_UNDECLARED_SELECTOR = YES;
				GCC_WARN_UNINITIALIZED_AUTOS = YES_AGGRESSIVE;
				GCC_WARN_UNUSED_FUNCTION = YES;
				GCC_WARN_UNUSED_VARIABLE = YES;
				IPHONEOS_DEPLOYMENT_TARGET = 9.3;
				MTL_ENABLE_DEBUG_INFO = YES;
				ONLY_ACTIVE_ARCH = YES;
				SDKROOT = iphoneos;
				SWIFT_OPTIMIZATION_LEVEL = "-Onone";
				TARGETED_DEVICE_FAMILY = "1,2";
			};
			name = Debug;
		};
		AA22DB621CE3613900F8BA43 /* Release */ = {
			isa = XCBuildConfiguration;
			buildSettings = {
				ALWAYS_SEARCH_USER_PATHS = NO;
				CLANG_ANALYZER_NONNULL = YES;
				CLANG_CXX_LANGUAGE_STANDARD = "gnu++0x";
				CLANG_CXX_LIBRARY = "libc++";
				CLANG_ENABLE_MODULES = YES;
				CLANG_ENABLE_OBJC_ARC = YES;
				CLANG_WARN_BOOL_CONVERSION = YES;
				CLANG_WARN_CONSTANT_CONVERSION = YES;
				CLANG_WARN_DIRECT_OBJC_ISA_USAGE = YES_ERROR;
				CLANG_WARN_EMPTY_BODY = YES;
				CLANG_WARN_ENUM_CONVERSION = YES;
				CLANG_WARN_INT_CONVERSION = YES;
				CLANG_WARN_OBJC_ROOT_CLASS = YES_ERROR;
				CLANG_WARN_UNREACHABLE_CODE = YES;
				CLANG_WARN__DUPLICATE_METHOD_MATCH = YES;
				"CODE_SIGN_IDENTITY[sdk=iphoneos*]" = "iPhone Developer";
				COPY_PHASE_STRIP = NO;
				DEBUG_INFORMATION_FORMAT = "dwarf-with-dsym";
				ENABLE_NS_ASSERTIONS = NO;
				ENABLE_STRICT_OBJC_MSGSEND = YES;
				GCC_C_LANGUAGE_STANDARD = gnu99;
				GCC_NO_COMMON_BLOCKS = YES;
				GCC_WARN_64_TO_32_BIT_CONVERSION = YES;
				GCC_WARN_ABOUT_RETURN_TYPE = YES_ERROR;
				GCC_WARN_UNDECLARED_SELECTOR = YES;
				GCC_WARN_UNINITIALIZED_AUTOS = YES_AGGRESSIVE;
				GCC_WARN_UNUSED_FUNCTION = YES;
				GCC_WARN_UNUSED_VARIABLE = YES;
				IPHONEOS_DEPLOYMENT_TARGET = 9.3;
				MTL_ENABLE_DEBUG_INFO = NO;
				SDKROOT = iphoneos;
				TARGETED_DEVICE_FAMILY = "1,2";
				VALIDATE_PRODUCT = YES;
			};
			name = Release;
		};
		AA22DB641CE3613900F8BA43 /* Debug */ = {
			isa = XCBuildConfiguration;
			baseConfigurationReference = 0B061A809F4C2DBC68A79C9D /* Pods-GISProject.debug.xcconfig */;
			buildSettings = {
				ASSETCATALOG_COMPILER_APPICON_NAME = AppIcon;
				CODE_SIGN_IDENTITY = "iPhone Developer";
				INFOPLIST_FILE = GISProject/Info.plist;
				LD_RUNPATH_SEARCH_PATHS = "$(inherited) @executable_path/Frameworks";
				PRODUCT_BUNDLE_IDENTIFIER = GISProject.LOBA;
				PRODUCT_NAME = "$(TARGET_NAME)";
			};
			name = Debug;
		};
		AA22DB651CE3613900F8BA43 /* Release */ = {
			isa = XCBuildConfiguration;
			baseConfigurationReference = 027CAAD9DE2DC497261DB2FE /* Pods-GISProject.release.xcconfig */;
			buildSettings = {
				ASSETCATALOG_COMPILER_APPICON_NAME = AppIcon;
				CODE_SIGN_IDENTITY = "iPhone Developer";
				INFOPLIST_FILE = GISProject/Info.plist;
				LD_RUNPATH_SEARCH_PATHS = "$(inherited) @executable_path/Frameworks";
				PRODUCT_BUNDLE_IDENTIFIER = GISProject.LOBA;
				PRODUCT_NAME = "$(TARGET_NAME)";
			};
			name = Release;
		};
/* End XCBuildConfiguration section */

/* Begin XCConfigurationList section */
		AA22DB4C1CE3613600F8BA43 /* Build configuration list for PBXProject "GISProject" */ = {
			isa = XCConfigurationList;
			buildConfigurations = (
				AA22DB611CE3613900F8BA43 /* Debug */,
				AA22DB621CE3613900F8BA43 /* Release */,
			);
			defaultConfigurationIsVisible = 0;
			defaultConfigurationName = Release;
		};
		AA22DB631CE3613900F8BA43 /* Build configuration list for PBXNativeTarget "GISProject" */ = {
			isa = XCConfigurationList;
			buildConfigurations = (
				AA22DB641CE3613900F8BA43 /* Debug */,
				AA22DB651CE3613900F8BA43 /* Release */,
			);
			defaultConfigurationIsVisible = 0;
			defaultConfigurationName = Release;
		};
/* End XCConfigurationList section */
	};
	rootObject = AA22DB491CE3613600F8BA43 /* Project object */;
}
