// !$*UTF8*$!
{
	archiveVersion = 1;
	classes = {
	};
	objectVersion = 46;
	objects = {

/* Begin PBXBuildFile section */
		6D611EB41CEB466500F99494 /* ActivityLog.swift in Sources */ = {isa = PBXBuildFile; fileRef = 6D611EB31CEB466500F99494 /* ActivityLog.swift */; };
		6D7F4C071D4F3F7200543F37 /* LastSeenLog.swift in Sources */ = {isa = PBXBuildFile; fileRef = 6D7F4C061D4F3F7200543F37 /* LastSeenLog.swift */; };
		6D8169EA1D360A2D00AC33C6 /* heatmap.html in Resources */ = {isa = PBXBuildFile; fileRef = 6D8169E81D360A2D00AC33C6 /* heatmap.html */; };
		6D8169EB1D360A2D00AC33C6 /* simple.html in Resources */ = {isa = PBXBuildFile; fileRef = 6D8169E91D360A2D00AC33C6 /* simple.html */; };
		6D8169EF1D360AC700AC33C6 /* QRViewController.swift in Sources */ = {isa = PBXBuildFile; fileRef = 6D8169ED1D360AC700AC33C6 /* QRViewController.swift */; };
		6D8169F01D360AC700AC33C6 /* QRReaderViewController.swift in Sources */ = {isa = PBXBuildFile; fileRef = 6D8169EE1D360AC700AC33C6 /* QRReaderViewController.swift */; };
		6D8169F41D360B1F00AC33C6 /* ProfileViewController.swift in Sources */ = {isa = PBXBuildFile; fileRef = 6D8169F11D360B1F00AC33C6 /* ProfileViewController.swift */; };
		6D8169F51D360B1F00AC33C6 /* SignupViewController.swift in Sources */ = {isa = PBXBuildFile; fileRef = 6D8169F21D360B1F00AC33C6 /* SignupViewController.swift */; };
		6D8169F61D360B1F00AC33C6 /* LoginViewController.swift in Sources */ = {isa = PBXBuildFile; fileRef = 6D8169F31D360B1F00AC33C6 /* LoginViewController.swift */; };
		6DADCAA11D3E12E100C2884B /* GeoVisMapViewController.swift in Sources */ = {isa = PBXBuildFile; fileRef = 6DADCAA01D3E12E100C2884B /* GeoVisMapViewController.swift */; };
		6DADCAA41D3E13D700C2884B /* HeatMapViewController.swift in Sources */ = {isa = PBXBuildFile; fileRef = 6DADCAA21D3E13D700C2884B /* HeatMapViewController.swift */; };
		6DADCAA51D3E13D700C2884B /* HeatMapViewController.xib in Resources */ = {isa = PBXBuildFile; fileRef = 6DADCAA31D3E13D700C2884B /* HeatMapViewController.xib */; };
		6DC212E71D48CE8600E6E58D /* heatmap.css in Resources */ = {isa = PBXBuildFile; fileRef = 6DC212E41D48CE8600E6E58D /* heatmap.css */; };
		6DC212E81D48CE8600E6E58D /* heatmap.js in Resources */ = {isa = PBXBuildFile; fileRef = 6DC212E51D48CE8600E6E58D /* heatmap.js */; };
		6DC212E91D48CE8600E6E58D /* helper.css in Resources */ = {isa = PBXBuildFile; fileRef = 6DC212E61D48CE8600E6E58D /* helper.css */; };
		6DDF54D01D3E1F3900C9ABEE /* LayerMapViewController.swift in Sources */ = {isa = PBXBuildFile; fileRef = 6DDF54CE1D3E1F3900C9ABEE /* LayerMapViewController.swift */; };
		6DDF54D11D3E1F3900C9ABEE /* LayerMapViewController.xib in Resources */ = {isa = PBXBuildFile; fileRef = 6DDF54CF1D3E1F3900C9ABEE /* LayerMapViewController.xib */; };
		6DDF54D41D3E1F4900C9ABEE /* WeatherMapViewController.swift in Sources */ = {isa = PBXBuildFile; fileRef = 6DDF54D21D3E1F4900C9ABEE /* WeatherMapViewController.swift */; };
		6DDF54D51D3E1F4900C9ABEE /* WeatherMapViewController.xib in Resources */ = {isa = PBXBuildFile; fileRef = 6DDF54D31D3E1F4900C9ABEE /* WeatherMapViewController.xib */; };
		6DDF54D81D3E1F5700C9ABEE /* FriendsMapViewController.swift in Sources */ = {isa = PBXBuildFile; fileRef = 6DDF54D61D3E1F5700C9ABEE /* FriendsMapViewController.swift */; };
		6DDF54D91D3E1F5700C9ABEE /* FriendsMapViewController.xib in Resources */ = {isa = PBXBuildFile; fileRef = 6DDF54D71D3E1F5700C9ABEE /* FriendsMapViewController.xib */; };
		81364F621D3498C4009A4B8E /* weathermap.html in Resources */ = {isa = PBXBuildFile; fileRef = 81364F611D3498C4009A4B8E /* weathermap.html */; };
		81364F661D34A8E6009A4B8E /* layers.html in Resources */ = {isa = PBXBuildFile; fileRef = 81364F651D34A8E6009A4B8E /* layers.html */; };
		8145754A1D1A5F1E00375E6B /* ImagePickerViewController.swift in Sources */ = {isa = PBXBuildFile; fileRef = 814575491D1A5F1E00375E6B /* ImagePickerViewController.swift */; };
		8156447B1D126CA40028D162 /* Profile.swift in Sources */ = {isa = PBXBuildFile; fileRef = 8156447A1D126CA40028D162 /* Profile.swift */; };
		819E1AC01D3331730070BF51 /* BattleViewController.swift in Sources */ = {isa = PBXBuildFile; fileRef = 819E1ABF1D3331730070BF51 /* BattleViewController.swift */; };
		81DA778B1D17AD4300CB0EB6 /* PasswordResetViewController.swift in Sources */ = {isa = PBXBuildFile; fileRef = 81DA778A1D17AD4300CB0EB6 /* PasswordResetViewController.swift */; };
		81E3D6531D2216D300F3BAF4 /* ActivityLogCell.swift in Sources */ = {isa = PBXBuildFile; fileRef = 81E3D6521D2216D300F3BAF4 /* ActivityLogCell.swift */; };
		81ED3CC11D2B4B9700CABCCC /* TestController.swift in Sources */ = {isa = PBXBuildFile; fileRef = 81ED3CC01D2B4B9700CABCCC /* TestController.swift */; };
		81F1673D1D29F581009B305D /* User.xcdatamodeld in Sources */ = {isa = PBXBuildFile; fileRef = 81F1673B1D29F581009B305D /* User.xcdatamodeld */; };
		883639EC1D379D7100C99CCB /* friendsmap.html in Resources */ = {isa = PBXBuildFile; fileRef = 883639EB1D379D7100C99CCB /* friendsmap.html */; };
		889AA4A91D2D6A90004A9892 /* PoetsenOne-Regular.ttf in Resources */ = {isa = PBXBuildFile; fileRef = 889AA4A81D2D6A90004A9892 /* PoetsenOne-Regular.ttf */; };
		88EFBE111D2138E000577EC5 /* FriendsDetailViewController.swift in Sources */ = {isa = PBXBuildFile; fileRef = 88EFBE101D2138E000577EC5 /* FriendsDetailViewController.swift */; };
		88EFBE131D2138E600577EC5 /* FriendsChatViewController.swift in Sources */ = {isa = PBXBuildFile; fileRef = 88EFBE121D2138E600577EC5 /* FriendsChatViewController.swift */; };
		88EFBE151D2138EC00577EC5 /* Friends.swift in Sources */ = {isa = PBXBuildFile; fileRef = 88EFBE141D2138EC00577EC5 /* Friends.swift */; };
		88EFBE171D2138F100577EC5 /* FriendsDataManager.swift in Sources */ = {isa = PBXBuildFile; fileRef = 88EFBE161D2138F100577EC5 /* FriendsDataManager.swift */; };
		88F4D99B1D2EDC7B0093E003 /* GoogleService-Info.plist in Resources */ = {isa = PBXBuildFile; fileRef = 88F4D99A1D2EDC7B0093E003 /* GoogleService-Info.plist */; };
		AA130BFB1CE6D6BD003D0E6A /* MapViewController.swift in Sources */ = {isa = PBXBuildFile; fileRef = AA130BFA1CE6D6BD003D0E6A /* MapViewController.swift */; };
		AA22DB551CE3613800F8BA43 /* AppDelegate.swift in Sources */ = {isa = PBXBuildFile; fileRef = AA22DB541CE3613800F8BA43 /* AppDelegate.swift */; };
		AA22DB571CE3613800F8BA43 /* ViewController.swift in Sources */ = {isa = PBXBuildFile; fileRef = AA22DB561CE3613800F8BA43 /* ViewController.swift */; };
		AA22DB5A1CE3613900F8BA43 /* Main.storyboard in Resources */ = {isa = PBXBuildFile; fileRef = AA22DB581CE3613900F8BA43 /* Main.storyboard */; };
		AA22DB5C1CE3613900F8BA43 /* Assets.xcassets in Resources */ = {isa = PBXBuildFile; fileRef = AA22DB5B1CE3613900F8BA43 /* Assets.xcassets */; };
		AA22DB5F1CE3613900F8BA43 /* LaunchScreen.storyboard in Resources */ = {isa = PBXBuildFile; fileRef = AA22DB5D1CE3613900F8BA43 /* LaunchScreen.storyboard */; };
		AA8B63791D33CB1300BF2289 /* Location.swift in Sources */ = {isa = PBXBuildFile; fileRef = AA8B63781D33CB1300BF2289 /* Location.swift */; };
		AA8B637B1D33CC1F00BF2289 /* Battle.swift in Sources */ = {isa = PBXBuildFile; fileRef = AA8B637A1D33CC1F00BF2289 /* Battle.swift */; };
		AAED26771D4F904C0042DD2F /* ActivityLogManager.swift in Sources */ = {isa = PBXBuildFile; fileRef = AAED26671D4F904C0042DD2F /* ActivityLogManager.swift */; };
		AAED26781D4F904C0042DD2F /* ActivityLogTableViewController.swift in Sources */ = {isa = PBXBuildFile; fileRef = AAED26681D4F904C0042DD2F /* ActivityLogTableViewController.swift */; };
		AAED26791D4F904C0042DD2F /* ActivityLogViewController.swift in Sources */ = {isa = PBXBuildFile; fileRef = AAED26691D4F904C0042DD2F /* ActivityLogViewController.swift */; };
		AAED267A1D4F904C0042DD2F /* BounceAnimationController.swift in Sources */ = {isa = PBXBuildFile; fileRef = AAED266A1D4F904C0042DD2F /* BounceAnimationController.swift */; };
		AAED267B1D4F904C0042DD2F /* Camera.swift in Sources */ = {isa = PBXBuildFile; fileRef = AAED266B1D4F904C0042DD2F /* Camera.swift */; };
		AAED267C1D4F904C0042DD2F /* ChatMapViewController.swift in Sources */ = {isa = PBXBuildFile; fileRef = AAED266C1D4F904C0042DD2F /* ChatMapViewController.swift */; };
		AAED267D1D4F904C0042DD2F /* DimmingPresentationController.swift in Sources */ = {isa = PBXBuildFile; fileRef = AAED266D1D4F904C0042DD2F /* DimmingPresentationController.swift */; };
		AAED267E1D4F904C0042DD2F /* FriendsCell.swift in Sources */ = {isa = PBXBuildFile; fileRef = AAED266E1D4F904C0042DD2F /* FriendsCell.swift */; };
		AAED267F1D4F904C0042DD2F /* FriendsDeckCollectionViewController.swift in Sources */ = {isa = PBXBuildFile; fileRef = AAED266F1D4F904C0042DD2F /* FriendsDeckCollectionViewController.swift */; };
		AAED26801D4F904C0042DD2F /* FriendsTableViewController.swift in Sources */ = {isa = PBXBuildFile; fileRef = AAED26701D4F904C0042DD2F /* FriendsTableViewController.swift */; };
		AAED26811D4F904C0042DD2F /* GradientView.swift in Sources */ = {isa = PBXBuildFile; fileRef = AAED26711D4F904C0042DD2F /* GradientView.swift */; };
		AAED26821D4F904C0042DD2F /* IncomingMessage.swift in Sources */ = {isa = PBXBuildFile; fileRef = AAED26721D4F904C0042DD2F /* IncomingMessage.swift */; };
		AAED26831D4F904C0042DD2F /* OnlineUser.swift in Sources */ = {isa = PBXBuildFile; fileRef = AAED26731D4F904C0042DD2F /* OnlineUser.swift */; };
		AAED26841D4F904C0042DD2F /* OutgoingMessage.swift in Sources */ = {isa = PBXBuildFile; fileRef = AAED26741D4F904C0042DD2F /* OutgoingMessage.swift */; };
		AAED26851D4F904C0042DD2F /* PopOverViewController.swift in Sources */ = {isa = PBXBuildFile; fileRef = AAED26751D4F904C0042DD2F /* PopOverViewController.swift */; };
		AAED26861D4F904C0042DD2F /* SlideOutAnimationController.swift in Sources */ = {isa = PBXBuildFile; fileRef = AAED26761D4F904C0042DD2F /* SlideOutAnimationController.swift */; };
		D4A07F8CD0E5ECB803F63164 /* Pods_GISProject.framework in Frameworks */ = {isa = PBXBuildFile; fileRef = 8AC7601BB8BA3643D05F7E8C /* Pods_GISProject.framework */; };
/* End PBXBuildFile section */

/* Begin PBXFileReference section */
		027CAAD9DE2DC497261DB2FE /* Pods-GISProject.release.xcconfig */ = {isa = PBXFileReference; includeInIndex = 1; lastKnownFileType = text.xcconfig; name = "Pods-GISProject.release.xcconfig"; path = "Pods/Target Support Files/Pods-GISProject/Pods-GISProject.release.xcconfig"; sourceTree = "<group>"; };
		0B061A809F4C2DBC68A79C9D /* Pods-GISProject.debug.xcconfig */ = {isa = PBXFileReference; includeInIndex = 1; lastKnownFileType = text.xcconfig; name = "Pods-GISProject.debug.xcconfig"; path = "Pods/Target Support Files/Pods-GISProject/Pods-GISProject.debug.xcconfig"; sourceTree = "<group>"; };
		6D611EB31CEB466500F99494 /* ActivityLog.swift */ = {isa = PBXFileReference; fileEncoding = 4; lastKnownFileType = sourcecode.swift; path = ActivityLog.swift; sourceTree = "<group>"; };
		6D7F4C061D4F3F7200543F37 /* LastSeenLog.swift */ = {isa = PBXFileReference; fileEncoding = 4; lastKnownFileType = sourcecode.swift; path = LastSeenLog.swift; sourceTree = "<group>"; };
		6D8169E81D360A2D00AC33C6 /* heatmap.html */ = {isa = PBXFileReference; fileEncoding = 4; lastKnownFileType = text.html; path = heatmap.html; sourceTree = "<group>"; };
		6D8169E91D360A2D00AC33C6 /* simple.html */ = {isa = PBXFileReference; fileEncoding = 4; lastKnownFileType = text.html; path = simple.html; sourceTree = "<group>"; };
		6D8169ED1D360AC700AC33C6 /* QRViewController.swift */ = {isa = PBXFileReference; fileEncoding = 4; lastKnownFileType = sourcecode.swift; path = QRViewController.swift; sourceTree = "<group>"; };
		6D8169EE1D360AC700AC33C6 /* QRReaderViewController.swift */ = {isa = PBXFileReference; fileEncoding = 4; lastKnownFileType = sourcecode.swift; path = QRReaderViewController.swift; sourceTree = "<group>"; };
		6D8169F11D360B1F00AC33C6 /* ProfileViewController.swift */ = {isa = PBXFileReference; fileEncoding = 4; lastKnownFileType = sourcecode.swift; path = ProfileViewController.swift; sourceTree = "<group>"; };
		6D8169F21D360B1F00AC33C6 /* SignupViewController.swift */ = {isa = PBXFileReference; fileEncoding = 4; lastKnownFileType = sourcecode.swift; path = SignupViewController.swift; sourceTree = "<group>"; };
		6D8169F31D360B1F00AC33C6 /* LoginViewController.swift */ = {isa = PBXFileReference; fileEncoding = 4; lastKnownFileType = sourcecode.swift; path = LoginViewController.swift; sourceTree = "<group>"; };
		6DADCAA01D3E12E100C2884B /* GeoVisMapViewController.swift */ = {isa = PBXFileReference; fileEncoding = 4; lastKnownFileType = sourcecode.swift; path = GeoVisMapViewController.swift; sourceTree = "<group>"; };
		6DADCAA21D3E13D700C2884B /* HeatMapViewController.swift */ = {isa = PBXFileReference; fileEncoding = 4; lastKnownFileType = sourcecode.swift; path = HeatMapViewController.swift; sourceTree = "<group>"; };
		6DADCAA31D3E13D700C2884B /* HeatMapViewController.xib */ = {isa = PBXFileReference; fileEncoding = 4; lastKnownFileType = file.xib; path = HeatMapViewController.xib; sourceTree = "<group>"; };
		6DC212E41D48CE8600E6E58D /* heatmap.css */ = {isa = PBXFileReference; fileEncoding = 4; lastKnownFileType = text.css; path = heatmap.css; sourceTree = "<group>"; };
		6DC212E51D48CE8600E6E58D /* heatmap.js */ = {isa = PBXFileReference; fileEncoding = 4; lastKnownFileType = sourcecode.javascript; path = heatmap.js; sourceTree = "<group>"; };
		6DC212E61D48CE8600E6E58D /* helper.css */ = {isa = PBXFileReference; fileEncoding = 4; lastKnownFileType = text.css; path = helper.css; sourceTree = "<group>"; };
		6DDF54CE1D3E1F3900C9ABEE /* LayerMapViewController.swift */ = {isa = PBXFileReference; fileEncoding = 4; lastKnownFileType = sourcecode.swift; path = LayerMapViewController.swift; sourceTree = "<group>"; };
		6DDF54CF1D3E1F3900C9ABEE /* LayerMapViewController.xib */ = {isa = PBXFileReference; fileEncoding = 4; lastKnownFileType = file.xib; path = LayerMapViewController.xib; sourceTree = "<group>"; };
		6DDF54D21D3E1F4900C9ABEE /* WeatherMapViewController.swift */ = {isa = PBXFileReference; fileEncoding = 4; lastKnownFileType = sourcecode.swift; path = WeatherMapViewController.swift; sourceTree = "<group>"; };
		6DDF54D31D3E1F4900C9ABEE /* WeatherMapViewController.xib */ = {isa = PBXFileReference; fileEncoding = 4; lastKnownFileType = file.xib; path = WeatherMapViewController.xib; sourceTree = "<group>"; };
		6DDF54D61D3E1F5700C9ABEE /* FriendsMapViewController.swift */ = {isa = PBXFileReference; fileEncoding = 4; lastKnownFileType = sourcecode.swift; path = FriendsMapViewController.swift; sourceTree = "<group>"; };
		6DDF54D71D3E1F5700C9ABEE /* FriendsMapViewController.xib */ = {isa = PBXFileReference; fileEncoding = 4; lastKnownFileType = file.xib; path = FriendsMapViewController.xib; sourceTree = "<group>"; };
		81364F611D3498C4009A4B8E /* weathermap.html */ = {isa = PBXFileReference; fileEncoding = 4; lastKnownFileType = text.html; path = weathermap.html; sourceTree = "<group>"; };
		81364F651D34A8E6009A4B8E /* layers.html */ = {isa = PBXFileReference; fileEncoding = 4; lastKnownFileType = text.html; path = layers.html; sourceTree = "<group>"; };
		814575491D1A5F1E00375E6B /* ImagePickerViewController.swift */ = {isa = PBXFileReference; fileEncoding = 4; lastKnownFileType = sourcecode.swift; path = ImagePickerViewController.swift; sourceTree = "<group>"; };
		8156447A1D126CA40028D162 /* Profile.swift */ = {isa = PBXFileReference; fileEncoding = 4; lastKnownFileType = sourcecode.swift; path = Profile.swift; sourceTree = "<group>"; };
		819E1ABF1D3331730070BF51 /* BattleViewController.swift */ = {isa = PBXFileReference; fileEncoding = 4; lastKnownFileType = sourcecode.swift; path = BattleViewController.swift; sourceTree = "<group>"; };
		81D87E721D51A1E5005BCAC2 /* Location.gpx */ = {isa = PBXFileReference; lastKnownFileType = text.xml; name = Location.gpx; path = ../../Location.gpx; sourceTree = "<group>"; };
		81DA778A1D17AD4300CB0EB6 /* PasswordResetViewController.swift */ = {isa = PBXFileReference; fileEncoding = 4; lastKnownFileType = sourcecode.swift; path = PasswordResetViewController.swift; sourceTree = "<group>"; };
		81E3D6521D2216D300F3BAF4 /* ActivityLogCell.swift */ = {isa = PBXFileReference; fileEncoding = 4; lastKnownFileType = sourcecode.swift; path = ActivityLogCell.swift; sourceTree = "<group>"; };
		81ED3CC01D2B4B9700CABCCC /* TestController.swift */ = {isa = PBXFileReference; fileEncoding = 4; lastKnownFileType = sourcecode.swift; path = TestController.swift; sourceTree = "<group>"; };
		81F1673C1D29F581009B305D /* User.xcdatamodel */ = {isa = PBXFileReference; lastKnownFileType = wrapper.xcdatamodel; path = User.xcdatamodel; sourceTree = "<group>"; };
		883639EB1D379D7100C99CCB /* friendsmap.html */ = {isa = PBXFileReference; fileEncoding = 4; lastKnownFileType = text.html; path = friendsmap.html; sourceTree = "<group>"; };
		889AA4A81D2D6A90004A9892 /* PoetsenOne-Regular.ttf */ = {isa = PBXFileReference; lastKnownFileType = file; path = "PoetsenOne-Regular.ttf"; sourceTree = "<group>"; };
		88EFBE101D2138E000577EC5 /* FriendsDetailViewController.swift */ = {isa = PBXFileReference; fileEncoding = 4; lastKnownFileType = sourcecode.swift; name = FriendsDetailViewController.swift; path = GISProject/FriendsDetailViewController.swift; sourceTree = "<group>"; };
		88EFBE121D2138E600577EC5 /* FriendsChatViewController.swift */ = {isa = PBXFileReference; fileEncoding = 4; lastKnownFileType = sourcecode.swift; name = FriendsChatViewController.swift; path = GISProject/FriendsChatViewController.swift; sourceTree = "<group>"; };
		88EFBE141D2138EC00577EC5 /* Friends.swift */ = {isa = PBXFileReference; fileEncoding = 4; lastKnownFileType = sourcecode.swift; name = Friends.swift; path = GISProject/Friends.swift; sourceTree = "<group>"; };
		88EFBE161D2138F100577EC5 /* FriendsDataManager.swift */ = {isa = PBXFileReference; fileEncoding = 4; lastKnownFileType = sourcecode.swift; name = FriendsDataManager.swift; path = GISProject/FriendsDataManager.swift; sourceTree = "<group>"; };
		88F4D99A1D2EDC7B0093E003 /* GoogleService-Info.plist */ = {isa = PBXFileReference; fileEncoding = 4; lastKnownFileType = text.plist.xml; path = "GoogleService-Info.plist"; sourceTree = "<group>"; };
		8AC7601BB8BA3643D05F7E8C /* Pods_GISProject.framework */ = {isa = PBXFileReference; explicitFileType = wrapper.framework; includeInIndex = 0; path = Pods_GISProject.framework; sourceTree = BUILT_PRODUCTS_DIR; };
		AA130BFA1CE6D6BD003D0E6A /* MapViewController.swift */ = {isa = PBXFileReference; fileEncoding = 4; lastKnownFileType = sourcecode.swift; path = MapViewController.swift; sourceTree = "<group>"; };
		AA22DB511CE3613700F8BA43 /* GISProject.app */ = {isa = PBXFileReference; explicitFileType = wrapper.application; includeInIndex = 0; path = GISProject.app; sourceTree = BUILT_PRODUCTS_DIR; };
		AA22DB541CE3613800F8BA43 /* AppDelegate.swift */ = {isa = PBXFileReference; lastKnownFileType = sourcecode.swift; path = AppDelegate.swift; sourceTree = "<group>"; };
		AA22DB561CE3613800F8BA43 /* ViewController.swift */ = {isa = PBXFileReference; lastKnownFileType = sourcecode.swift; path = ViewController.swift; sourceTree = "<group>"; };
		AA22DB591CE3613900F8BA43 /* Base */ = {isa = PBXFileReference; lastKnownFileType = file.storyboard; name = Base; path = Base.lproj/Main.storyboard; sourceTree = "<group>"; };
		AA22DB5B1CE3613900F8BA43 /* Assets.xcassets */ = {isa = PBXFileReference; lastKnownFileType = folder.assetcatalog; path = Assets.xcassets; sourceTree = "<group>"; };
		AA22DB5E1CE3613900F8BA43 /* Base */ = {isa = PBXFileReference; lastKnownFileType = file.storyboard; name = Base; path = Base.lproj/LaunchScreen.storyboard; sourceTree = "<group>"; };
		AA22DB601CE3613900F8BA43 /* Info.plist */ = {isa = PBXFileReference; lastKnownFileType = text.plist.xml; path = Info.plist; sourceTree = "<group>"; };
		AA8B63781D33CB1300BF2289 /* Location.swift */ = {isa = PBXFileReference; fileEncoding = 4; lastKnownFileType = sourcecode.swift; path = Location.swift; sourceTree = "<group>"; };
		AA8B637A1D33CC1F00BF2289 /* Battle.swift */ = {isa = PBXFileReference; fileEncoding = 4; lastKnownFileType = sourcecode.swift; path = Battle.swift; sourceTree = "<group>"; };
		AAED26671D4F904C0042DD2F /* ActivityLogManager.swift */ = {isa = PBXFileReference; fileEncoding = 4; lastKnownFileType = sourcecode.swift; name = ActivityLogManager.swift; path = GISProject/ActivityLogManager.swift; sourceTree = "<group>"; };
		AAED26681D4F904C0042DD2F /* ActivityLogTableViewController.swift */ = {isa = PBXFileReference; fileEncoding = 4; lastKnownFileType = sourcecode.swift; name = ActivityLogTableViewController.swift; path = GISProject/ActivityLogTableViewController.swift; sourceTree = "<group>"; };
		AAED26691D4F904C0042DD2F /* ActivityLogViewController.swift */ = {isa = PBXFileReference; fileEncoding = 4; lastKnownFileType = sourcecode.swift; name = ActivityLogViewController.swift; path = GISProject/ActivityLogViewController.swift; sourceTree = "<group>"; };
		AAED266A1D4F904C0042DD2F /* BounceAnimationController.swift */ = {isa = PBXFileReference; fileEncoding = 4; lastKnownFileType = sourcecode.swift; name = BounceAnimationController.swift; path = GISProject/BounceAnimationController.swift; sourceTree = "<group>"; };
		AAED266B1D4F904C0042DD2F /* Camera.swift */ = {isa = PBXFileReference; fileEncoding = 4; lastKnownFileType = sourcecode.swift; name = Camera.swift; path = GISProject/Camera.swift; sourceTree = "<group>"; };
		AAED266C1D4F904C0042DD2F /* ChatMapViewController.swift */ = {isa = PBXFileReference; fileEncoding = 4; lastKnownFileType = sourcecode.swift; name = ChatMapViewController.swift; path = GISProject/ChatMapViewController.swift; sourceTree = "<group>"; };
		AAED266D1D4F904C0042DD2F /* DimmingPresentationController.swift */ = {isa = PBXFileReference; fileEncoding = 4; lastKnownFileType = sourcecode.swift; name = DimmingPresentationController.swift; path = GISProject/DimmingPresentationController.swift; sourceTree = "<group>"; };
		AAED266E1D4F904C0042DD2F /* FriendsCell.swift */ = {isa = PBXFileReference; fileEncoding = 4; lastKnownFileType = sourcecode.swift; name = FriendsCell.swift; path = GISProject/FriendsCell.swift; sourceTree = "<group>"; };
		AAED266F1D4F904C0042DD2F /* FriendsDeckCollectionViewController.swift */ = {isa = PBXFileReference; fileEncoding = 4; lastKnownFileType = sourcecode.swift; name = FriendsDeckCollectionViewController.swift; path = GISProject/FriendsDeckCollectionViewController.swift; sourceTree = "<group>"; };
		AAED26701D4F904C0042DD2F /* FriendsTableViewController.swift */ = {isa = PBXFileReference; fileEncoding = 4; lastKnownFileType = sourcecode.swift; name = FriendsTableViewController.swift; path = GISProject/FriendsTableViewController.swift; sourceTree = "<group>"; };
		AAED26711D4F904C0042DD2F /* GradientView.swift */ = {isa = PBXFileReference; fileEncoding = 4; lastKnownFileType = sourcecode.swift; name = GradientView.swift; path = GISProject/GradientView.swift; sourceTree = "<group>"; };
		AAED26721D4F904C0042DD2F /* IncomingMessage.swift */ = {isa = PBXFileReference; fileEncoding = 4; lastKnownFileType = sourcecode.swift; name = IncomingMessage.swift; path = GISProject/IncomingMessage.swift; sourceTree = "<group>"; };
		AAED26731D4F904C0042DD2F /* OnlineUser.swift */ = {isa = PBXFileReference; fileEncoding = 4; lastKnownFileType = sourcecode.swift; name = OnlineUser.swift; path = GISProject/OnlineUser.swift; sourceTree = "<group>"; };
		AAED26741D4F904C0042DD2F /* OutgoingMessage.swift */ = {isa = PBXFileReference; fileEncoding = 4; lastKnownFileType = sourcecode.swift; name = OutgoingMessage.swift; path = GISProject/OutgoingMessage.swift; sourceTree = "<group>"; };
		AAED26751D4F904C0042DD2F /* PopOverViewController.swift */ = {isa = PBXFileReference; fileEncoding = 4; lastKnownFileType = sourcecode.swift; name = PopOverViewController.swift; path = GISProject/PopOverViewController.swift; sourceTree = "<group>"; };
		AAED26761D4F904C0042DD2F /* SlideOutAnimationController.swift */ = {isa = PBXFileReference; fileEncoding = 4; lastKnownFileType = sourcecode.swift; name = SlideOutAnimationController.swift; path = GISProject/SlideOutAnimationController.swift; sourceTree = "<group>"; };
/* End PBXFileReference section */

/* Begin PBXFrameworksBuildPhase section */
		AA22DB4E1CE3613700F8BA43 /* Frameworks */ = {
			isa = PBXFrameworksBuildPhase;
			buildActionMask = 2147483647;
			files = (
				D4A07F8CD0E5ECB803F63164 /* Pods_GISProject.framework in Frameworks */,
			);
			runOnlyForDeploymentPostprocessing = 0;
		};
/* End PBXFrameworksBuildPhase section */

/* Begin PBXGroup section */
		6B6DD61972A537B4D2EB59FF /* Frameworks */ = {
			isa = PBXGroup;
			children = (
				8AC7601BB8BA3643D05F7E8C /* Pods_GISProject.framework */,
			);
			name = Frameworks;
			sourceTree = "<group>";
		};
		6D41228F1D2BB7AD0016DBE2 /* Google Map HTML Stuff */ = {
			isa = PBXGroup;
			children = (
				6DC212E41D48CE8600E6E58D /* heatmap.css */,
				6DC212E51D48CE8600E6E58D /* heatmap.js */,
				6DC212E61D48CE8600E6E58D /* helper.css */,
				6D8169E81D360A2D00AC33C6 /* heatmap.html */,
				6D8169E91D360A2D00AC33C6 /* simple.html */,
				81364F651D34A8E6009A4B8E /* layers.html */,
				81364F611D3498C4009A4B8E /* weathermap.html */,
				883639EB1D379D7100C99CCB /* friendsmap.html */,
			);
			name = "Google Map HTML Stuff";
			sourceTree = "<group>";
		};
		6D8169EC1D360A7A00AC33C6 /* GeoVis Map */ = {
			isa = PBXGroup;
			children = (
				6DADCAA01D3E12E100C2884B /* GeoVisMapViewController.swift */,
				6DDF54DB1D3E201F00C9ABEE /* HeatMap */,
				6DDF54DC1D3E203900C9ABEE /* LayersMap */,
				6DDF54DD1D3E204200C9ABEE /* WeatherMap */,
				6DDF54DE1D3E205000C9ABEE /* FriendsMap */,
			);
			name = "GeoVis Map";
			sourceTree = "<group>";
		};
		6DAE5EDD1D1E4E3A007CEF48 /* QR */ = {
			isa = PBXGroup;
			children = (
				6D8169ED1D360AC700AC33C6 /* QRViewController.swift */,
				6D8169EE1D360AC700AC33C6 /* QRReaderViewController.swift */,
			);
			name = QR;
			sourceTree = "<group>";
		};
		6DAE5EDE1D1E4E50007CEF48 /* PLIST */ = {
			isa = PBXGroup;
			children = (
				88F4D99A1D2EDC7B0093E003 /* GoogleService-Info.plist */,
				AA22DB601CE3613900F8BA43 /* Info.plist */,
			);
			name = PLIST;
			sourceTree = "<group>";
		};
		6DDF54DB1D3E201F00C9ABEE /* HeatMap */ = {
			isa = PBXGroup;
			children = (
				6DADCAA21D3E13D700C2884B /* HeatMapViewController.swift */,
				6DADCAA31D3E13D700C2884B /* HeatMapViewController.xib */,
			);
			name = HeatMap;
			sourceTree = "<group>";
		};
		6DDF54DC1D3E203900C9ABEE /* LayersMap */ = {
			isa = PBXGroup;
			children = (
				6DDF54CE1D3E1F3900C9ABEE /* LayerMapViewController.swift */,
				6DDF54CF1D3E1F3900C9ABEE /* LayerMapViewController.xib */,
			);
			name = LayersMap;
			sourceTree = "<group>";
		};
		6DDF54DD1D3E204200C9ABEE /* WeatherMap */ = {
			isa = PBXGroup;
			children = (
				6DDF54D21D3E1F4900C9ABEE /* WeatherMapViewController.swift */,
				6DDF54D31D3E1F4900C9ABEE /* WeatherMapViewController.xib */,
			);
			name = WeatherMap;
			sourceTree = "<group>";
		};
		6DDF54DE1D3E205000C9ABEE /* FriendsMap */ = {
			isa = PBXGroup;
			children = (
				6DDF54D61D3E1F5700C9ABEE /* FriendsMapViewController.swift */,
				6DDF54D71D3E1F5700C9ABEE /* FriendsMapViewController.xib */,
			);
			name = FriendsMap;
			sourceTree = "<group>";
		};
		81DA778D1D17B9DD00CB0EB6 /* Account */ = {
			isa = PBXGroup;
			children = (
				6D611EB31CEB466500F99494 /* ActivityLog.swift */,
				814575491D1A5F1E00375E6B /* ImagePickerViewController.swift */,
				8156447A1D126CA40028D162 /* Profile.swift */,
				6D8169F11D360B1F00AC33C6 /* ProfileViewController.swift */,
				81DA778A1D17AD4300CB0EB6 /* PasswordResetViewController.swift */,
				6D8169F21D360B1F00AC33C6 /* SignupViewController.swift */,
				6D8169F31D360B1F00AC33C6 /* LoginViewController.swift */,
				81E3D6521D2216D300F3BAF4 /* ActivityLogCell.swift */,
				6D7F4C061D4F3F7200543F37 /* LastSeenLog.swift */,
			);
			name = Account;
			sourceTree = "<group>";
		};
		88319B771D4CA2450031F09A /* Utility */ = {
			isa = PBXGroup;
			children = (
				AAED266B1D4F904C0042DD2F /* Camera.swift */,
				88EFBE161D2138F100577EC5 /* FriendsDataManager.swift */,
			);
			name = Utility;
			sourceTree = "<group>";
		};
		8877E81A1D3BB7BF00A595DC /* Messages */ = {
			isa = PBXGroup;
			children = (
				AAED26721D4F904C0042DD2F /* IncomingMessage.swift */,
				AAED26741D4F904C0042DD2F /* OutgoingMessage.swift */,
			);
			name = Messages;
			sourceTree = "<group>";
		};
		889AA4A71D2D48DD004A9892 /* Font */ = {
			isa = PBXGroup;
			children = (
				889AA4A81D2D6A90004A9892 /* PoetsenOne-Regular.ttf */,
			);
			name = Font;
			sourceTree = "<group>";
		};
		88EFBE1A1D213B8400577EC5 /* Friends */ = {
			isa = PBXGroup;
			children = (
				88319B771D4CA2450031F09A /* Utility */,
				8877E81A1D3BB7BF00A595DC /* Messages */,
				88EFBE141D2138EC00577EC5 /* Friends.swift */,
				AAED266C1D4F904C0042DD2F /* ChatMapViewController.swift */,
				AAED266E1D4F904C0042DD2F /* FriendsCell.swift */,
				AAED26701D4F904C0042DD2F /* FriendsTableViewController.swift */,
				88EFBE121D2138E600577EC5 /* FriendsChatViewController.swift */,
				88EFBE101D2138E000577EC5 /* FriendsDetailViewController.swift */,
				AAED266F1D4F904C0042DD2F /* FriendsDeckCollectionViewController.swift */,
				AAED26731D4F904C0042DD2F /* OnlineUser.swift */,
				AAED26671D4F904C0042DD2F /* ActivityLogManager.swift */,
				AAED26681D4F904C0042DD2F /* ActivityLogTableViewController.swift */,
				AAED26691D4F904C0042DD2F /* ActivityLogViewController.swift */,
				AAED266A1D4F904C0042DD2F /* BounceAnimationController.swift */,
				AAED266D1D4F904C0042DD2F /* DimmingPresentationController.swift */,
				AAED26711D4F904C0042DD2F /* GradientView.swift */,
				AAED26751D4F904C0042DD2F /* PopOverViewController.swift */,
				AAED26761D4F904C0042DD2F /* SlideOutAnimationController.swift */,
			);
			name = Friends;
			path = ..;
			sourceTree = "<group>";
		};
		AA22DB481CE3613600F8BA43 = {
			isa = PBXGroup;
			children = (
				AA22DB531CE3613800F8BA43 /* GISProject */,
				AA22DB521CE3613700F8BA43 /* Products */,
				DD14F4F594CA50E6DBBC665C /* Pods */,
				6B6DD61972A537B4D2EB59FF /* Frameworks */,
			);
			sourceTree = "<group>";
		};
		AA22DB521CE3613700F8BA43 /* Products */ = {
			isa = PBXGroup;
			children = (
				AA22DB511CE3613700F8BA43 /* GISProject.app */,
			);
			name = Products;
			sourceTree = "<group>";
		};
		AA22DB531CE3613800F8BA43 /* GISProject */ = {
			isa = PBXGroup;
			children = (
				6D8169EC1D360A7A00AC33C6 /* GeoVis Map */,
				6D41228F1D2BB7AD0016DBE2 /* Google Map HTML Stuff */,
				88EFBE1A1D213B8400577EC5 /* Friends */,
				6DAE5EDE1D1E4E50007CEF48 /* PLIST */,
				6DAE5EDD1D1E4E3A007CEF48 /* QR */,
				AAB38F6B1D199C8B00D1A20C /* Battle */,
				81DA778D1D17B9DD00CB0EB6 /* Account */,
				AA22DB5B1CE3613900F8BA43 /* Assets.xcassets */,
				889AA4A71D2D48DD004A9892 /* Font */,
				AA22DB581CE3613900F8BA43 /* Main.storyboard */,
				81F1673B1D29F581009B305D /* User.xcdatamodeld */,
				AA22DB5D1CE3613900F8BA43 /* LaunchScreen.storyboard */,
				AA22DB541CE3613800F8BA43 /* AppDelegate.swift */,
				AA22DB561CE3613800F8BA43 /* ViewController.swift */,
				81ED3CC01D2B4B9700CABCCC /* TestController.swift */,
			);
			path = GISProject;
			sourceTree = "<group>";
		};
		AAB38F6B1D199C8B00D1A20C /* Battle */ = {
			isa = PBXGroup;
			children = (
				AA130BFA1CE6D6BD003D0E6A /* MapViewController.swift */,
				819E1ABF1D3331730070BF51 /* BattleViewController.swift */,
				AA8B637A1D33CC1F00BF2289 /* Battle.swift */,
				81D87E721D51A1E5005BCAC2 /* Location.gpx */,
				AA8B63781D33CB1300BF2289 /* Location.swift */,
			);
			name = Battle;
			sourceTree = "<group>";
		};
		DD14F4F594CA50E6DBBC665C /* Pods */ = {
			isa = PBXGroup;
			children = (
				0B061A809F4C2DBC68A79C9D /* Pods-GISProject.debug.xcconfig */,
				027CAAD9DE2DC497261DB2FE /* Pods-GISProject.release.xcconfig */,
			);
			name = Pods;
			sourceTree = "<group>";
		};
/* End PBXGroup section */

/* Begin PBXNativeTarget section */
		AA22DB501CE3613700F8BA43 /* GISProject */ = {
			isa = PBXNativeTarget;
			buildConfigurationList = AA22DB631CE3613900F8BA43 /* Build configuration list for PBXNativeTarget "GISProject" */;
			buildPhases = (
				85826E740B87E15144E420BA /* [CP] Check Pods Manifest.lock */,
				E425E6ABC80EF399CE7B013A /* [CP] Check Pods Manifest.lock */,
				AA22DB4D1CE3613700F8BA43 /* Sources */,
				AA22DB4E1CE3613700F8BA43 /* Frameworks */,
				AA22DB4F1CE3613700F8BA43 /* Resources */,
				8EDAA5DE36FBE0AF66966F43 /* [CP] Embed Pods Frameworks */,
				A67C6F66058D5637EA2F85D0 /* [CP] Copy Pods Resources */,
				575B6FC391F632853624B2F3 /* [CP] Embed Pods Frameworks */,
				02B58F139041C3DD7AE3CA6B /* 📦 Copy Pods Resources */,
				CB5C38D8CB2DF6C004FFC418 /* 📦 Embed Pods Frameworks */,
			);
			buildRules = (
			);
			dependencies = (
			);
			name = GISProject;
			productName = GISProject;
			productReference = AA22DB511CE3613700F8BA43 /* GISProject.app */;
			productType = "com.apple.product-type.application";
		};
/* End PBXNativeTarget section */

/* Begin PBXProject section */
		AA22DB491CE3613600F8BA43 /* Project object */ = {
			isa = PBXProject;
			attributes = {
				LastSwiftUpdateCheck = 0730;
				LastUpgradeCheck = 0730;
				ORGANIZATIONNAME = NYP;
				TargetAttributes = {
					AA22DB501CE3613700F8BA43 = {
						CreatedOnToolsVersion = 7.3.1;
						DevelopmentTeam = P82H3JQVLH;
					};
				};
			};
			buildConfigurationList = AA22DB4C1CE3613600F8BA43 /* Build configuration list for PBXProject "GISProject" */;
			compatibilityVersion = "Xcode 3.2";
			developmentRegion = English;
			hasScannedForEncodings = 0;
			knownRegions = (
				en,
				Base,
			);
			mainGroup = AA22DB481CE3613600F8BA43;
			productRefGroup = AA22DB521CE3613700F8BA43 /* Products */;
			projectDirPath = "";
			projectRoot = "";
			targets = (
				AA22DB501CE3613700F8BA43 /* GISProject */,
			);
		};
/* End PBXProject section */

/* Begin PBXResourcesBuildPhase section */
		AA22DB4F1CE3613700F8BA43 /* Resources */ = {
			isa = PBXResourcesBuildPhase;
			buildActionMask = 2147483647;
			files = (
				AA22DB5F1CE3613900F8BA43 /* LaunchScreen.storyboard in Resources */,
				889AA4A91D2D6A90004A9892 /* PoetsenOne-Regular.ttf in Resources */,
				6DC212E71D48CE8600E6E58D /* heatmap.css in Resources */,
				6D8169EA1D360A2D00AC33C6 /* heatmap.html in Resources */,
				6DDF54D11D3E1F3900C9ABEE /* LayerMapViewController.xib in Resources */,
				6DADCAA51D3E13D700C2884B /* HeatMapViewController.xib in Resources */,
				81364F621D3498C4009A4B8E /* weathermap.html in Resources */,
				AA22DB5C1CE3613900F8BA43 /* Assets.xcassets in Resources */,
				81364F661D34A8E6009A4B8E /* layers.html in Resources */,
				88F4D99B1D2EDC7B0093E003 /* GoogleService-Info.plist in Resources */,
				6DC212E81D48CE8600E6E58D /* heatmap.js in Resources */,
				6DDF54D91D3E1F5700C9ABEE /* FriendsMapViewController.xib in Resources */,
				883639EC1D379D7100C99CCB /* friendsmap.html in Resources */,
				AA22DB5A1CE3613900F8BA43 /* Main.storyboard in Resources */,
				6D8169EB1D360A2D00AC33C6 /* simple.html in Resources */,
				6DDF54D51D3E1F4900C9ABEE /* WeatherMapViewController.xib in Resources */,
				6DC212E91D48CE8600E6E58D /* helper.css in Resources */,
			);
			runOnlyForDeploymentPostprocessing = 0;
		};
/* End PBXResourcesBuildPhase section */

/* Begin PBXShellScriptBuildPhase section */
		02B58F139041C3DD7AE3CA6B /* 📦 Copy Pods Resources */ = {
			isa = PBXShellScriptBuildPhase;
			buildActionMask = 2147483647;
			files = (
			);
			inputPaths = (
			);
			name = "📦 Copy Pods Resources";
			outputPaths = (
			);
			runOnlyForDeploymentPostprocessing = 0;
			shellPath = /bin/sh;
			shellScript = "\"${SRCROOT}/Pods/Target Support Files/Pods-GISProject/Pods-GISProject-resources.sh\"\n";
			showEnvVarsInLog = 0;
		};
		575B6FC391F632853624B2F3 /* [CP] Embed Pods Frameworks */ = {
			isa = PBXShellScriptBuildPhase;
			buildActionMask = 2147483647;
			files = (
			);
			inputPaths = (
			);
			name = "[CP] Embed Pods Frameworks";
			outputPaths = (
			);
			runOnlyForDeploymentPostprocessing = 0;
			shellPath = /bin/sh;
			shellScript = "\"${SRCROOT}/Pods/Target Support Files/Pods-GISProject/Pods-GISProject-frameworks.sh\"\n";
			showEnvVarsInLog = 0;
		};
		85826E740B87E15144E420BA /* [CP] Check Pods Manifest.lock */ = {
			isa = PBXShellScriptBuildPhase;
			buildActionMask = 2147483647;
			files = (
			);
			inputPaths = (
			);
			name = "[CP] Check Pods Manifest.lock";
			outputPaths = (
			);
			runOnlyForDeploymentPostprocessing = 0;
			shellPath = /bin/sh;
			shellScript = "diff \"${PODS_ROOT}/../Podfile.lock\" \"${PODS_ROOT}/Manifest.lock\" > /dev/null\nif [[ $? != 0 ]] ; then\n    cat << EOM\nerror: The sandbox is not in sync with the Podfile.lock. Run 'pod install' or update your CocoaPods installation.\nEOM\n    exit 1\nfi\n";
			showEnvVarsInLog = 0;
		};
		8EDAA5DE36FBE0AF66966F43 /* [CP] Embed Pods Frameworks */ = {
			isa = PBXShellScriptBuildPhase;
			buildActionMask = 2147483647;
			files = (
			);
			inputPaths = (
			);
			name = "[CP] Embed Pods Frameworks";
			outputPaths = (
			);
			runOnlyForDeploymentPostprocessing = 0;
			shellPath = /bin/sh;
			shellScript = "\"${SRCROOT}/Pods/Target Support Files/Pods-GISProject/Pods-GISProject-frameworks.sh\"\n";
			showEnvVarsInLog = 0;
		};
		A67C6F66058D5637EA2F85D0 /* [CP] Copy Pods Resources */ = {
			isa = PBXShellScriptBuildPhase;
			buildActionMask = 2147483647;
			files = (
			);
			inputPaths = (
			);
			name = "[CP] Copy Pods Resources";
			outputPaths = (
			);
			runOnlyForDeploymentPostprocessing = 0;
			shellPath = /bin/sh;
			shellScript = "\"${SRCROOT}/Pods/Target Support Files/Pods-GISProject/Pods-GISProject-resources.sh\"\n";
			showEnvVarsInLog = 0;
		};
		CB5C38D8CB2DF6C004FFC418 /* 📦 Embed Pods Frameworks */ = {
			isa = PBXShellScriptBuildPhase;
			buildActionMask = 2147483647;
			files = (
			);
			inputPaths = (
			);
			name = "📦 Embed Pods Frameworks";
			outputPaths = (
			);
			runOnlyForDeploymentPostprocessing = 0;
			shellPath = /bin/sh;
			shellScript = "\"${SRCROOT}/Pods/Target Support Files/Pods-GISProject/Pods-GISProject-frameworks.sh\"\n";
			showEnvVarsInLog = 0;
		};
		E425E6ABC80EF399CE7B013A /* [CP] Check Pods Manifest.lock */ = {
			isa = PBXShellScriptBuildPhase;
			buildActionMask = 2147483647;
			files = (
			);
			inputPaths = (
			);
			name = "[CP] Check Pods Manifest.lock";
			outputPaths = (
			);
			runOnlyForDeploymentPostprocessing = 0;
			shellPath = /bin/sh;
			shellScript = "diff \"${PODS_ROOT}/../Podfile.lock\" \"${PODS_ROOT}/Manifest.lock\" > /dev/null\nif [[ $? != 0 ]] ; then\n    cat << EOM\nerror: The sandbox is not in sync with the Podfile.lock. Run 'pod install' or update your CocoaPods installation.\nEOM\n    exit 1\nfi\n";
			showEnvVarsInLog = 0;
		};
/* End PBXShellScriptBuildPhase section */

/* Begin PBXSourcesBuildPhase section */
		AA22DB4D1CE3613700F8BA43 /* Sources */ = {
			isa = PBXSourcesBuildPhase;
			buildActionMask = 2147483647;
			files = (
				6D611EB41CEB466500F99494 /* ActivityLog.swift in Sources */,
				AA22DB571CE3613800F8BA43 /* ViewController.swift in Sources */,
				6DDF54D81D3E1F5700C9ABEE /* FriendsMapViewController.swift in Sources */,
				6DADCAA11D3E12E100C2884B /* GeoVisMapViewController.swift in Sources */,
				AAED267A1D4F904C0042DD2F /* BounceAnimationController.swift in Sources */,
				AAED26791D4F904C0042DD2F /* ActivityLogViewController.swift in Sources */,
				6DADCAA41D3E13D700C2884B /* HeatMapViewController.swift in Sources */,
				AAED26861D4F904C0042DD2F /* SlideOutAnimationController.swift in Sources */,
				AA8B63791D33CB1300BF2289 /* Location.swift in Sources */,
				AAED26811D4F904C0042DD2F /* GradientView.swift in Sources */,
				AAED267D1D4F904C0042DD2F /* DimmingPresentationController.swift in Sources */,
				AAED26821D4F904C0042DD2F /* IncomingMessage.swift in Sources */,
				6D8169EF1D360AC700AC33C6 /* QRViewController.swift in Sources */,
				AAED26851D4F904C0042DD2F /* PopOverViewController.swift in Sources */,
				AAED26771D4F904C0042DD2F /* ActivityLogManager.swift in Sources */,
				6D8169F41D360B1F00AC33C6 /* ProfileViewController.swift in Sources */,
				81ED3CC11D2B4B9700CABCCC /* TestController.swift in Sources */,
				AA130BFB1CE6D6BD003D0E6A /* MapViewController.swift in Sources */,
				AAED267B1D4F904C0042DD2F /* Camera.swift in Sources */,
				AA8B637B1D33CC1F00BF2289 /* Battle.swift in Sources */,
				6DDF54D41D3E1F4900C9ABEE /* WeatherMapViewController.swift in Sources */,
				AAED267C1D4F904C0042DD2F /* ChatMapViewController.swift in Sources */,
				6D7F4C071D4F3F7200543F37 /* LastSeenLog.swift in Sources */,
				88EFBE171D2138F100577EC5 /* FriendsDataManager.swift in Sources */,
				8145754A1D1A5F1E00375E6B /* ImagePickerViewController.swift in Sources */,
				81DA778B1D17AD4300CB0EB6 /* PasswordResetViewController.swift in Sources */,
				819E1AC01D3331730070BF51 /* BattleViewController.swift in Sources */,
				AAED26801D4F904C0042DD2F /* FriendsTableViewController.swift in Sources */,
				88EFBE151D2138EC00577EC5 /* Friends.swift in Sources */,
				AA22DB551CE3613800F8BA43 /* AppDelegate.swift in Sources */,
				6DDF54D01D3E1F3900C9ABEE /* LayerMapViewController.swift in Sources */,
				AAED267E1D4F904C0042DD2F /* FriendsCell.swift in Sources */,
				81F1673D1D29F581009B305D /* User.xcdatamodeld in Sources */,
				6D8169F01D360AC700AC33C6 /* QRReaderViewController.swift in Sources */,
				AAED26781D4F904C0042DD2F /* ActivityLogTableViewController.swift in Sources */,
				6D8169F51D360B1F00AC33C6 /* SignupViewController.swift in Sources */,
				88EFBE111D2138E000577EC5 /* FriendsDetailViewController.swift in Sources */,
				8156447B1D126CA40028D162 /* Profile.swift in Sources */,
				88EFBE131D2138E600577EC5 /* FriendsChatViewController.swift in Sources */,
				AAED26841D4F904C0042DD2F /* OutgoingMessage.swift in Sources */,
				81E3D6531D2216D300F3BAF4 /* ActivityLogCell.swift in Sources */,
				6D8169F61D360B1F00AC33C6 /* LoginViewController.swift in Sources */,
				AAED267F1D4F904C0042DD2F /* FriendsDeckCollectionViewController.swift in Sources */,
				AAED26831D4F904C0042DD2F /* OnlineUser.swift in Sources */,
			);
			runOnlyForDeploymentPostprocessing = 0;
		};
/* End PBXSourcesBuildPhase section */

/* Begin PBXVariantGroup section */
		AA22DB581CE3613900F8BA43 /* Main.storyboard */ = {
			isa = PBXVariantGroup;
			children = (
				AA22DB591CE3613900F8BA43 /* Base */,
			);
			name = Main.storyboard;
			sourceTree = "<group>";
		};
		AA22DB5D1CE3613900F8BA43 /* LaunchScreen.storyboard */ = {
			isa = PBXVariantGroup;
			children = (
				AA22DB5E1CE3613900F8BA43 /* Base */,
			);
			name = LaunchScreen.storyboard;
			sourceTree = "<group>";
		};
/* End PBXVariantGroup section */

/* Begin XCBuildConfiguration section */
		AA22DB611CE3613900F8BA43 /* Debug */ = {
			isa = XCBuildConfiguration;
			buildSettings = {
				ALWAYS_SEARCH_USER_PATHS = NO;
				CLANG_ANALYZER_NONNULL = YES;
				CLANG_CXX_LANGUAGE_STANDARD = "gnu++0x";
				CLANG_CXX_LIBRARY = "libc++";
				CLANG_ENABLE_MODULES = YES;
				CLANG_ENABLE_OBJC_ARC = YES;
				CLANG_WARN_BOOL_CONVERSION = YES;
				CLANG_WARN_CONSTANT_CONVERSION = YES;
				CLANG_WARN_DIRECT_OBJC_ISA_USAGE = YES_ERROR;
				CLANG_WARN_EMPTY_BODY = YES;
				CLANG_WARN_ENUM_CONVERSION = YES;
				CLANG_WARN_INT_CONVERSION = YES;
				CLANG_WARN_OBJC_ROOT_CLASS = YES_ERROR;
				CLANG_WARN_UNREACHABLE_CODE = YES;
				CLANG_WARN__DUPLICATE_METHOD_MATCH = YES;
				"CODE_SIGN_IDENTITY[sdk=iphoneos*]" = "iPhone Developer";
				COPY_PHASE_STRIP = NO;
				DEBUG_INFORMATION_FORMAT = dwarf;
				ENABLE_STRICT_OBJC_MSGSEND = YES;
				ENABLE_TESTABILITY = YES;
				GCC_C_LANGUAGE_STANDARD = gnu99;
				GCC_DYNAMIC_NO_PIC = NO;
				GCC_NO_COMMON_BLOCKS = YES;
				GCC_OPTIMIZATION_LEVEL = 0;
				GCC_PREPROCESSOR_DEFINITIONS = (
					"DEBUG=1",
					"$(inherited)",
				);
				GCC_WARN_64_TO_32_BIT_CONVERSION = YES;
				GCC_WARN_ABOUT_RETURN_TYPE = YES_ERROR;
				GCC_WARN_UNDECLARED_SELECTOR = YES;
				GCC_WARN_UNINITIALIZED_AUTOS = YES_AGGRESSIVE;
				GCC_WARN_UNUSED_FUNCTION = YES;
				GCC_WARN_UNUSED_VARIABLE = YES;
				IPHONEOS_DEPLOYMENT_TARGET = 9.3;
				MTL_ENABLE_DEBUG_INFO = YES;
				ONLY_ACTIVE_ARCH = YES;
				SDKROOT = iphoneos;
				SWIFT_OPTIMIZATION_LEVEL = "-Onone";
				TARGETED_DEVICE_FAMILY = "1,2";
			};
			name = Debug;
		};
		AA22DB621CE3613900F8BA43 /* Release */ = {
			isa = XCBuildConfiguration;
			buildSettings = {
				ALWAYS_SEARCH_USER_PATHS = NO;
				CLANG_ANALYZER_NONNULL = YES;
				CLANG_CXX_LANGUAGE_STANDARD = "gnu++0x";
				CLANG_CXX_LIBRARY = "libc++";
				CLANG_ENABLE_MODULES = YES;
				CLANG_ENABLE_OBJC_ARC = YES;
				CLANG_WARN_BOOL_CONVERSION = YES;
				CLANG_WARN_CONSTANT_CONVERSION = YES;
				CLANG_WARN_DIRECT_OBJC_ISA_USAGE = YES_ERROR;
				CLANG_WARN_EMPTY_BODY = YES;
				CLANG_WARN_ENUM_CONVERSION = YES;
				CLANG_WARN_INT_CONVERSION = YES;
				CLANG_WARN_OBJC_ROOT_CLASS = YES_ERROR;
				CLANG_WARN_UNREACHABLE_CODE = YES;
				CLANG_WARN__DUPLICATE_METHOD_MATCH = YES;
				"CODE_SIGN_IDENTITY[sdk=iphoneos*]" = "iPhone Developer";
				COPY_PHASE_STRIP = NO;
				DEBUG_INFORMATION_FORMAT = "dwarf-with-dsym";
				ENABLE_NS_ASSERTIONS = NO;
				ENABLE_STRICT_OBJC_MSGSEND = YES;
				GCC_C_LANGUAGE_STANDARD = gnu99;
				GCC_NO_COMMON_BLOCKS = YES;
				GCC_WARN_64_TO_32_BIT_CONVERSION = YES;
				GCC_WARN_ABOUT_RETURN_TYPE = YES_ERROR;
				GCC_WARN_UNDECLARED_SELECTOR = YES;
				GCC_WARN_UNINITIALIZED_AUTOS = YES_AGGRESSIVE;
				GCC_WARN_UNUSED_FUNCTION = YES;
				GCC_WARN_UNUSED_VARIABLE = YES;
				IPHONEOS_DEPLOYMENT_TARGET = 9.3;
				MTL_ENABLE_DEBUG_INFO = NO;
				SDKROOT = iphoneos;
				TARGETED_DEVICE_FAMILY = "1,2";
				VALIDATE_PRODUCT = YES;
			};
			name = Release;
		};
		AA22DB641CE3613900F8BA43 /* Debug */ = {
			isa = XCBuildConfiguration;
			baseConfigurationReference = 0B061A809F4C2DBC68A79C9D /* Pods-GISProject.debug.xcconfig */;
			buildSettings = {
				ASSETCATALOG_COMPILER_APPICON_NAME = "AppIcon-1";
				CODE_SIGN_IDENTITY = "iPhone Developer";
				"CODE_SIGN_IDENTITY[sdk=iphoneos*]" = "iPhone Developer";
				INFOPLIST_FILE = GISProject/Info.plist;
				IPHONEOS_DEPLOYMENT_TARGET = 9.1;
				LD_RUNPATH_SEARCH_PATHS = "$(inherited) @executable_path/Frameworks";
				PRODUCT_BUNDLE_IDENTIFIER = GISProject.LOBA33446;
				PRODUCT_NAME = "$(TARGET_NAME)";
				PROVISIONING_PROFILE = "";
				TARGETED_DEVICE_FAMILY = "1,2";
			};
			name = Debug;
		};
		AA22DB651CE3613900F8BA43 /* Release */ = {
			isa = XCBuildConfiguration;
			baseConfigurationReference = 027CAAD9DE2DC497261DB2FE /* Pods-GISProject.release.xcconfig */;
			buildSettings = {
				ASSETCATALOG_COMPILER_APPICON_NAME = "AppIcon-1";
				CODE_SIGN_IDENTITY = "iPhone Developer";
				"CODE_SIGN_IDENTITY[sdk=iphoneos*]" = "iPhone Developer";
				INFOPLIST_FILE = GISProject/Info.plist;
				IPHONEOS_DEPLOYMENT_TARGET = 9.1;
				LD_RUNPATH_SEARCH_PATHS = "$(inherited) @executable_path/Frameworks";
				PRODUCT_BUNDLE_IDENTIFIER = GISProject.LOBA33446;
				PRODUCT_NAME = "$(TARGET_NAME)";
				PROVISIONING_PROFILE = "";
				TARGETED_DEVICE_FAMILY = "1,2";
			};
			name = Release;
		};
/* End XCBuildConfiguration section */

/* Begin XCConfigurationList section */
		AA22DB4C1CE3613600F8BA43 /* Build configuration list for PBXProject "GISProject" */ = {
			isa = XCConfigurationList;
			buildConfigurations = (
				AA22DB611CE3613900F8BA43 /* Debug */,
				AA22DB621CE3613900F8BA43 /* Release */,
			);
			defaultConfigurationIsVisible = 0;
			defaultConfigurationName = Release;
		};
		AA22DB631CE3613900F8BA43 /* Build configuration list for PBXNativeTarget "GISProject" */ = {
			isa = XCConfigurationList;
			buildConfigurations = (
				AA22DB641CE3613900F8BA43 /* Debug */,
				AA22DB651CE3613900F8BA43 /* Release */,
			);
			defaultConfigurationIsVisible = 0;
			defaultConfigurationName = Release;
		};
/* End XCConfigurationList section */

/* Begin XCVersionGroup section */
		81F1673B1D29F581009B305D /* User.xcdatamodeld */ = {
			isa = XCVersionGroup;
			children = (
				81F1673C1D29F581009B305D /* User.xcdatamodel */,
			);
			currentVersion = 81F1673C1D29F581009B305D /* User.xcdatamodel */;
			path = User.xcdatamodeld;
			sourceTree = "<group>";
			versionGroupType = wrapper.xcdatamodel;
		};
/* End XCVersionGroup section */
	};
	rootObject = AA22DB491CE3613600F8BA43 /* Project object */;
}
